{
  "name": "@jsprismarine/bedrock-data",
  "version": "1.16.20",
  "lockfileVersion": 1,
  "requires": true,
  "dependencies": {
    "binary-file": {
      "version": "0.2.3",
      "resolved": "https://registry.npmjs.org/binary-file/-/binary-file-0.2.3.tgz",
      "integrity": "sha512-FOEFou3G9h/OkU7wcWS7zi60bZ3MSA5/elFP2oqpFwmsCb8Y+tDUKqvOEuOCznqNlgnU/YET8F1TzLHpqiFluQ==",
      "requires": {
        "denodeify": "^1.2.1"
      }
    },
    "denodeify": {
      "version": "1.2.1",
      "resolved": "https://registry.npmjs.org/denodeify/-/denodeify-1.2.1.tgz",
      "integrity": "sha1-OjYof1A05pnnV3kBBSwubJQlFjE="
    }
  }
}
