lockfileVersion: '6.0'

settings:
  autoInstallPeers: true
  excludeLinksFromLockfile: false

devDependencies:
  '@nordcom/prettier':
    specifier: 0.1.1
    version: 0.1.1
  '@types/node':
    specifier: 20.12.5
    version: 20.12.5
  typescript:
    specifier: 5.6.3
    version: 5.6.3

packages:

  /@nordcom/prettier@0.1.1:
    resolution: {integrity: sha512-kndtRQSvqSplbVxDl2l7sBmHMe0oLy45zQjgYemsXlJr1j7tx7H3uuHw5XuwhV5okFLk+Nz+w646AXgNYpPQ+w==}
    dev: true

  /@types/node@20.12.5:
    resolution: {integrity: sha512-BD+BjQ9LS/D8ST9p5uqBxghlN+S42iuNxjsUGjeZobe/ciXzk2qb1B6IXc6AnRLS+yFJRpN2IPEHMzwspfDJNw==}
    dependencies:
      undici-types: 5.26.5
    dev: true

  /typescript@5.6.3:
    resolution: {integrity: sha512-hjcS1mhfuyi4WW8IWtjP7brDrG2cuDZukyrYrSauoXGNgx0S7zceP07adYkJycEr56BOUTNPzbInooiN3fn1qw==}
    engines: {node: '>=14.17'}
    hasBin: true
    dev: true

  /undici-types@5.26.5:
    resolution: {integrity: sha512-JlCMO+ehdEIKqlFxk6IfVoAUVmgz7cU7zD/h9XZ0qzeosSHmUJVOzSQvvYSYWXkFXC+IfLKSIffhv0sVZup6pA==}
    dev: true
