lockfileVersion: '6.0'

settings:
  autoInstallPeers: true
  excludeLinksFromLockfile: false

devDependencies:
  '@nordcom/prettier':
    specifier: 0.1.1
    version: 0.1.1
  '@types/node':
    specifier: 20.16.15
    version: 20.16.15
  typescript:
    specifier: 5.4.4
    version: 5.4.4

packages:

  /@nordcom/prettier@0.1.1:
    resolution: {integrity: sha512-kndtRQSvqSplbVxDl2l7sBmHMe0oLy45zQjgYemsXlJr1j7tx7H3uuHw5XuwhV5okFLk+Nz+w646AXgNYpPQ+w==}
    dev: true

  /@types/node@20.16.15:
    resolution: {integrity: sha512-DV58qQz9dBMqVVn+qnKwGa51QzCD4YM/tQM16qLKxdf5tqz5W4QwtrMzjSTbabN1cFTSuyxVYBy+QWHjWW8X/g==}
    dependencies:
      undici-types: 6.19.8
    dev: true

  /typescript@5.4.4:
    resolution: {integrity: sha512-dGE2Vv8cpVvw28v8HCPqyb08EzbBURxDpuhJvTrusShUfGnhHBafDsLdS1EhhxyL6BJQE+2cT3dDPAv+MQ6oLw==}
    engines: {node: '>=14.17'}
    hasBin: true
    dev: true

  /undici-types@6.19.8:
    resolution: {integrity: sha512-ve2KP6f/JnbPBFyobGHuerC9g1FYGn/F8n1LWTwNxCEzd6IfqTwUQcNXgEtmmQ6DlRrC1hrSrBnCZPokRrDHjw==}
    dev: true
