# THIS IS AN AUTOGENERATED FILE. DO NOT EDIT THIS FILE DIRECTLY.
# yarn lockfile v1


binary-file@^0.2.3:
  version "0.2.3"
  resolved "https://registry.yarnpkg.com/binary-file/-/binary-file-0.2.3.tgz#6291bb466e39e3a7124edd944e0cdbc5fc53f3d6"
  integrity sha512-FOEFou3G9h/OkU7wcWS7zi60bZ3MSA5/elFP2oqpFwmsCb8Y+tDUKqvOEuOCznqNlgnU/YET8F1TzLHpqiFluQ==
  dependencies:
    denodeify "^1.2.1"

denodeify@^1.2.1:
  version "1.2.1"
  resolved "https://registry.yarnpkg.com/denodeify/-/denodeify-1.2.1.tgz#3a36287f5034e699e7577901052c2e6c94251631"
  integrity sha1-OjYof1A05pnnV3kBBSwubJQlFjE=
